
Microsoft Visual Studio Solution File, Format Version 12.00
# Visual Studio Version 16
VisualStudioVersion = 16.0.31605.320
MinimumVisualStudioVersion = 10.0.40219.1
Project("{FAE04EC0-301F-11D3-BF4B-00C04F79EFBC}") = "L2", "Algorithms\L2.csproj", "{1E5A5D59-3DB9-47A6-BA41-32455D00810B}"
EndProject
Project("{FAE04EC0-301F-11D3-BF4B-00C04F79EFBC}") = "L1", "L1\L1.csproj", "{AE694261-8069-482C-9BCC-A396F938BC7B}"
EndProject
Project("{FAE04EC0-301F-11D3-BF4B-00C04F79EFBC}") = "L3", "L3\L3.csproj", "{A44149C4-96EC-405D-8E10-D86384C68D3D}"
EndProject
Global
	GlobalSection(SolutionConfigurationPlatforms) = preSolution
		Debug|Any CPU = Debug|Any CPU
		Release|Any CPU = Release|Any CPU
	EndGlobalSection
	GlobalSection(ProjectConfigurationPlatforms) = postSolution
		{1E5A5D59-3DB9-47A6-BA41-32455D00810B}.Debug|Any CPU.ActiveCfg = Debug|Any CPU
		{1E5A5D59-3DB9-47A6-BA41-32455D00810B}.Debug|Any CPU.Build.0 = Debug|Any CPU
		{1E5A5D59-3DB9-47A6-BA41-32455D00810B}.Release|Any CPU.ActiveCfg = Release|Any CPU
		{1E5A5D59-3DB9-47A6-BA41-32455D00810B}.Release|Any CPU.Build.0 = Release|Any CPU
		{AE694261-8069-482C-9BCC-A396F938BC7B}.Debug|Any CPU.ActiveCfg = Debug|Any CPU
		{AE694261-8069-482C-9BCC-A396F938BC7B}.Debug|Any CPU.Build.0 = Debug|Any CPU
		{AE694261-8069-482C-9BCC-A396F938BC7B}.Release|Any CPU.ActiveCfg = Release|Any CPU
		{AE694261-8069-482C-9BCC-A396F938BC7B}.Release|Any CPU.Build.0 = Release|Any CPU
		{A44149C4-96EC-405D-8E10-D86384C68D3D}.Debug|Any CPU.ActiveCfg = Debug|Any CPU
		{A44149C4-96EC-405D-8E10-D86384C68D3D}.Debug|Any CPU.Build.0 = Debug|Any CPU
		{A44149C4-96EC-405D-8E10-D86384C68D3D}.Release|Any CPU.ActiveCfg = Release|Any CPU
		{A44149C4-96EC-405D-8E10-D86384C68D3D}.Release|Any CPU.Build.0 = Release|Any CPU
	EndGlobalSection
	GlobalSection(SolutionProperties) = preSolution
		HideSolutionNode = FALSE
	EndGlobalSection
	GlobalSection(ExtensibilityGlobals) = postSolution
		SolutionGuid = {5CBDD109-D01E-479F-8DD7-C720D13E6106}
	EndGlobalSection
EndGlobal
